
Microsoft Visual Studio Solution File, Format Version 12.00
# Visual Studio 14
VisualStudioVersion = 14.0.25420.1
MinimumVisualStudioVersion = 10.0.40219.1
Project("{FAE04EC0-301F-11D3-BF4B-00C04F79EFBC}") = "EnLearn", "EnLearn\EnLearn.csproj", "{D27FE7B1-8E16-4D7E-B114-B1FC884ABC4A}"
EndProject
Project("{FAE04EC0-301F-11D3-BF4B-00C04F79EFBC}") = "EnLearnTest", "EnLearnTest\EnLearnTest.csproj", "{9C9C0E7C-12EB-4F70-A860-8B0B5CCE812B}"
EndProject
Global
	GlobalSection(SolutionConfigurationPlatforms) = preSolution
		Debug|Any CPU = Debug|Any CPU
		Release|Any CPU = Release|Any CPU
	EndGlobalSection
	GlobalSection(ProjectConfigurationPlatforms) = postSolution
		{D27FE7B1-8E16-4D7E-B114-B1FC884ABC4A}.Debug|Any CPU.ActiveCfg = Debug|Any CPU
		{D27FE7B1-8E16-4D7E-B114-B1FC884ABC4A}.Debug|Any CPU.Build.0 = Debug|Any CPU
		{D27FE7B1-8E16-4D7E-B114-B1FC884ABC4A}.Release|Any CPU.ActiveCfg = Release|Any CPU
		{D27FE7B1-8E16-4D7E-B114-B1FC884ABC4A}.Release|Any CPU.Build.0 = Release|Any CPU
		{9C9C0E7C-12EB-4F70-A860-8B0B5CCE812B}.Debug|Any CPU.ActiveCfg = Debug|Any CPU
		{9C9C0E7C-12EB-4F70-A860-8B0B5CCE812B}.Debug|Any CPU.Build.0 = Debug|Any CPU
		{9C9C0E7C-12EB-4F70-A860-8B0B5CCE812B}.Release|Any CPU.ActiveCfg = Release|Any CPU
		{9C9C0E7C-12EB-4F70-A860-8B0B5CCE812B}.Release|Any CPU.Build.0 = Release|Any CPU
	EndGlobalSection
	GlobalSection(SolutionProperties) = preSolution
		HideSolutionNode = FALSE
	EndGlobalSection
EndGlobal
